
Microsoft Visual Studio Solution File, Format Version 12.00
# Visual Studio Version 17
VisualStudioVersion = 17.3.32804.467
MinimumVisualStudioVersion = 10.0.40219.1
Project("{FAE04EC0-301F-11D3-BF4B-00C04F79EFBC}") = "ActEditor", "ActEditor\ActEditor.csproj", "{F33F561F-5936-4514-910C-F612DC15CD0B}"
EndProject
Project("{FAE04EC0-301F-11D3-BF4B-00C04F79EFBC}") = "PaletteEditor", "PaletteEditor\PaletteEditor.csproj", "{19ACA37E-ACA3-47D4-962C-7DC5004B3C9E}"
EndProject
Global
	GlobalSection(SolutionConfigurationPlatforms) = preSolution
		Debug|Any CPU = Debug|Any CPU
		Debug|Mixed Platforms = Debug|Mixed Platforms
		Debug|x86 = Debug|x86
		Release|Any CPU = Release|Any CPU
		Release|Mixed Platforms = Release|Mixed Platforms
		Release|x86 = Release|x86
	EndGlobalSection
	GlobalSection(ProjectConfigurationPlatforms) = postSolution
		{F33F561F-5936-4514-910C-F612DC15CD0B}.Debug|Any CPU.ActiveCfg = Debug|Any CPU
		{F33F561F-5936-4514-910C-F612DC15CD0B}.Debug|Any CPU.Build.0 = Debug|Any CPU
		{F33F561F-5936-4514-910C-F612DC15CD0B}.Debug|Mixed Platforms.ActiveCfg = Debug|Any CPU
		{F33F561F-5936-4514-910C-F612DC15CD0B}.Debug|Mixed Platforms.Build.0 = Debug|Any CPU
		{F33F561F-5936-4514-910C-F612DC15CD0B}.Debug|x86.ActiveCfg = Debug|Any CPU
		{F33F561F-5936-4514-910C-F612DC15CD0B}.Release|Any CPU.ActiveCfg = Release|Any CPU
		{F33F561F-5936-4514-910C-F612DC15CD0B}.Release|Any CPU.Build.0 = Release|Any CPU
		{F33F561F-5936-4514-910C-F612DC15CD0B}.Release|Mixed Platforms.ActiveCfg = Release|Any CPU
		{F33F561F-5936-4514-910C-F612DC15CD0B}.Release|Mixed Platforms.Build.0 = Release|Any CPU
		{F33F561F-5936-4514-910C-F612DC15CD0B}.Release|x86.ActiveCfg = Release|Any CPU
		{19ACA37E-ACA3-47D4-962C-7DC5004B3C9E}.Debug|Any CPU.ActiveCfg = Debug|Any CPU
		{19ACA37E-ACA3-47D4-962C-7DC5004B3C9E}.Debug|Any CPU.Build.0 = Debug|Any CPU
		{19ACA37E-ACA3-47D4-962C-7DC5004B3C9E}.Debug|Mixed Platforms.ActiveCfg = Debug|Any CPU
		{19ACA37E-ACA3-47D4-962C-7DC5004B3C9E}.Debug|Mixed Platforms.Build.0 = Debug|Any CPU
		{19ACA37E-ACA3-47D4-962C-7DC5004B3C9E}.Debug|x86.ActiveCfg = Debug|Any CPU
		{19ACA37E-ACA3-47D4-962C-7DC5004B3C9E}.Release|Any CPU.ActiveCfg = Release|Any CPU
		{19ACA37E-ACA3-47D4-962C-7DC5004B3C9E}.Release|Any CPU.Build.0 = Release|Any CPU
		{19ACA37E-ACA3-47D4-962C-7DC5004B3C9E}.Release|Mixed Platforms.ActiveCfg = Release|Any CPU
		{19ACA37E-ACA3-47D4-962C-7DC5004B3C9E}.Release|Mixed Platforms.Build.0 = Release|Any CPU
		{19ACA37E-ACA3-47D4-962C-7DC5004B3C9E}.Release|x86.ActiveCfg = Release|Any CPU
	EndGlobalSection
	GlobalSection(SolutionProperties) = preSolution
		HideSolutionNode = FALSE
	EndGlobalSection
	GlobalSection(ExtensibilityGlobals) = postSolution
		SolutionGuid = {EE5F6CAC-C435-4B2C-91F6-2D266A7103E3}
	EndGlobalSection
EndGlobal
